{
  "name": "blogging-website-notion-master",
  "lockfileVersion": 3,
  "requires": true,
  "packages": {
    "": {
      "dependencies": {
        "@prisma/extension-accelerate": "^1.0.0",
        "hono": "^4.0.10"
      }
    },
    "node_modules/@prisma/client": {
      "version": "5.10.2",
      "resolved": "https://registry.npmjs.org/@prisma/client/-/client-5.10.2.tgz",
      "integrity": "sha512-ef49hzB2yJZCvM5gFHMxSFL9KYrIP9udpT5rYo0CsHD4P9IKj473MbhU1gjKKftiwWBTIyrt9jukprzZXazyag==",
      "hasInstallScript": true,
      "peer": true,
      "engines": {
        "node": ">=16.13"
      },
      "peerDependencies": {
        "prisma": "*"
      },
      "peerDependenciesMeta": {
        "prisma": {
          "optional": true
        }
      }
    },
    "node_modules/@prisma/extension-accelerate": {
      "version": "1.0.0",
      "resolved": "https://registry.npmjs.org/@prisma/extension-accelerate/-/extension-accelerate-1.0.0.tgz",
      "integrity": "sha512-5oSpPtKCMfTl/sSXaS/7vBsPqfm+eEVB6/5KPBJITFatDoFcmjx/PIC/T93mHLiHI98xKwosPN59NGXjDDhcFA==",
      "engines": {
        "node": ">=16"
      },
      "peerDependencies": {
        "@prisma/client": ">=4.16.1"
      }
    },
    "node_modules/hono": {
      "version": "4.0.10",
      "resolved": "https://registry.npmjs.org/hono/-/hono-4.0.10.tgz",
      "integrity": "sha512-sq0RFAC3Ij+bkhZu90EGAQnVI1EhohRsjo9BU+BjXLbC71GSy41JjsFqCeg8MRpO2Gdu0A4MXF5licO89tn/rw==",
      "engines": {
        "node": ">=16.0.0"
      }
    }
  }
}
